# DO NOT EDIT MANUALLY - Managed by Fern Replay
version: "1.0"
generations:
  - commit_sha: a0e43fa5dc4cf73d47ea170b985a736be89bb537
    tree_hash: 4ff1aa23408785bed6336b62491ffc29e456e6ea
    timestamp: 2026-10-01T15:03:53.915Z
    cli_version: unknown
    generator_versions: {}
current_generation: a0e43fa5dc4cf73d47ea170b985a736be89bb537
patches: []
